
Microsoft Visual Studio Solution File, Format Version 12.00
# Visual Studio Version 17
VisualStudioVersion = 17.3.32825.248
MinimumVisualStudioVersion = 10.0.40219.1
Project("{FAE04EC0-301F-11D3-BF4B-00C04F79EFBC}") = "ReactHooksDemoBackend", "ReactHooksDemoBackend\ReactHooksDemoBackend.csproj", "{EAE9E74F-C954-4B97-B163-B35CB7968916}"
EndProject
Global
	GlobalSection(SolutionConfigurationPlatforms) = preSolution
		Debug|Any CPU = Debug|Any CPU
		Release|Any CPU = Release|Any CPU
	EndGlobalSection
	GlobalSection(ProjectConfigurationPlatforms) = postSolution
		{EAE9E74F-C954-4B97-B163-B35CB7968916}.Debug|Any CPU.ActiveCfg = Debug|Any CPU
		{EAE9E74F-C954-4B97-B163-B35CB7968916}.Debug|Any CPU.Build.0 = Debug|Any CPU
		{EAE9E74F-C954-4B97-B163-B35CB7968916}.Release|Any CPU.ActiveCfg = Release|Any CPU
		{EAE9E74F-C954-4B97-B163-B35CB7968916}.Release|Any CPU.Build.0 = Release|Any CPU
	EndGlobalSection
	GlobalSection(SolutionProperties) = preSolution
		HideSolutionNode = FALSE
	EndGlobalSection
	GlobalSection(ExtensibilityGlobals) = postSolution
		SolutionGuid = {7A9CA547-EB2C-4A9A-AD1C-1EE0F1E26646}
	EndGlobalSection
EndGlobal
